
Microsoft Visual Studio Solution File, Format Version 12.00
# Visual Studio Version 16
VisualStudioVersion = 16.0.31320.298
MinimumVisualStudioVersion = 10.0.40219.1
Project("{9A19103F-16F7-4668-BE54-9A1E7A4F7556}") = "SleepyShark.Nutrition.Web.Client", "clients\SleepyShark.Nutrition.Web.Client\SleepyShark.Nutrition.Web.Client.csproj", "{F3075E35-A4E3-453F-909D-6E09FEA90840}"
EndProject
Project("{2150E333-8FDC-42A3-9474-1A3956D46DE8}") = "clients", "clients", "{9184B926-272F-4C93-9F7D-3864D03D87AB}"
EndProject
Project("{2150E333-8FDC-42A3-9474-1A3956D46DE8}") = "services", "services", "{7F70A2DB-AEE8-44DE-9574-092CBFAF9169}"
EndProject
Project("{FAE04EC0-301F-11D3-BF4B-00C04F79EFBC}") = "SleepyShark.Nutrition.FactApi", "services\facts\SleepyShark.Nutrition.FactApi\SleepyShark.Nutrition.FactApi.csproj", "{8090E753-D9A4-40D6-9A23-CDC67B192063}"
EndProject
Project("{2150E333-8FDC-42A3-9474-1A3956D46DE8}") = "factapi", "factapi", "{75F7BE20-9B06-4FDB-BC92-F04621393E81}"
EndProject
Global
	GlobalSection(SolutionConfigurationPlatforms) = preSolution
		Debug|Any CPU = Debug|Any CPU
		Release|Any CPU = Release|Any CPU
	EndGlobalSection
	GlobalSection(ProjectConfigurationPlatforms) = postSolution
		{F3075E35-A4E3-453F-909D-6E09FEA90840}.Debug|Any CPU.ActiveCfg = Debug|Any CPU
		{F3075E35-A4E3-453F-909D-6E09FEA90840}.Debug|Any CPU.Build.0 = Debug|Any CPU
		{F3075E35-A4E3-453F-909D-6E09FEA90840}.Release|Any CPU.ActiveCfg = Release|Any CPU
		{F3075E35-A4E3-453F-909D-6E09FEA90840}.Release|Any CPU.Build.0 = Release|Any CPU
		{8090E753-D9A4-40D6-9A23-CDC67B192063}.Debug|Any CPU.ActiveCfg = Debug|Any CPU
		{8090E753-D9A4-40D6-9A23-CDC67B192063}.Debug|Any CPU.Build.0 = Debug|Any CPU
		{8090E753-D9A4-40D6-9A23-CDC67B192063}.Release|Any CPU.ActiveCfg = Release|Any CPU
		{8090E753-D9A4-40D6-9A23-CDC67B192063}.Release|Any CPU.Build.0 = Release|Any CPU
	EndGlobalSection
	GlobalSection(SolutionProperties) = preSolution
		HideSolutionNode = FALSE
	EndGlobalSection
	GlobalSection(NestedProjects) = preSolution
		{F3075E35-A4E3-453F-909D-6E09FEA90840} = {9184B926-272F-4C93-9F7D-3864D03D87AB}
		{8090E753-D9A4-40D6-9A23-CDC67B192063} = {75F7BE20-9B06-4FDB-BC92-F04621393E81}
		{75F7BE20-9B06-4FDB-BC92-F04621393E81} = {7F70A2DB-AEE8-44DE-9574-092CBFAF9169}
	EndGlobalSection
	GlobalSection(ExtensibilityGlobals) = postSolution
		SolutionGuid = {0A645E0A-C587-49C4-ACCE-0E33259E4129}
	EndGlobalSection
EndGlobal
